
Microsoft Visual Studio Solution File, Format Version 12.00
# Visual Studio Version 17
VisualStudioVersion = 17.3.32811.315
MinimumVisualStudioVersion = 10.0.40219.1
Project("{8BC9CEB8-8B4A-11D0-8D11-00A0C91BC942}") = "AiP_Course_Work", "AiP_Course_Work.vcxproj", "{19C9AA05-AB5B-446D-A509-F5805B8180CD}"
EndProject
Global
	GlobalSection(SolutionConfigurationPlatforms) = preSolution
		Debug|x64 = Debug|x64
		Debug|x86 = Debug|x86
		Release|x64 = Release|x64
		Release|x86 = Release|x86
	EndGlobalSection
	GlobalSection(ProjectConfigurationPlatforms) = postSolution
		{19C9AA05-AB5B-446D-A509-F5805B8180CD}.Debug|x64.ActiveCfg = Debug|x64
		{19C9AA05-AB5B-446D-A509-F5805B8180CD}.Debug|x64.Build.0 = Debug|x64
		{19C9AA05-AB5B-446D-A509-F5805B8180CD}.Debug|x86.ActiveCfg = Debug|Win32
		{19C9AA05-AB5B-446D-A509-F5805B8180CD}.Debug|x86.Build.0 = Debug|Win32
		{19C9AA05-AB5B-446D-A509-F5805B8180CD}.Release|x64.ActiveCfg = Release|x64
		{19C9AA05-AB5B-446D-A509-F5805B8180CD}.Release|x64.Build.0 = Release|x64
		{19C9AA05-AB5B-446D-A509-F5805B8180CD}.Release|x86.ActiveCfg = Release|Win32
		{19C9AA05-AB5B-446D-A509-F5805B8180CD}.Release|x86.Build.0 = Release|Win32
	EndGlobalSection
	GlobalSection(SolutionProperties) = preSolution
		HideSolutionNode = FALSE
	EndGlobalSection
	GlobalSection(ExtensibilityGlobals) = postSolution
		SolutionGuid = {57D62A97-72FD-4B92-9F45-5D00453AB656}
	EndGlobalSection
EndGlobal
